
Microsoft Visual Studio Solution File, Format Version 12.00
# Visual Studio Version 17
VisualStudioVersion = 17.13.35825.156 d17.13
MinimumVisualStudioVersion = 10.0.40219.1
Project("{FAE04EC0-301F-11D3-BF4B-00C04F79EFBC}") = "ContractClaimsSystem", "CMCS_POE_3\ContractClaimsSystem.csproj", "{C752D538-B6F7-4DF1-8314-52C7485F4354}"
EndProject
Global
	GlobalSection(SolutionConfigurationPlatforms) = preSolution
		Debug|Any CPU = Debug|Any CPU
		Release|Any CPU = Release|Any CPU
	EndGlobalSection
	GlobalSection(ProjectConfigurationPlatforms) = postSolution
		{C752D538-B6F7-4DF1-8314-52C7485F4354}.Debug|Any CPU.ActiveCfg = Debug|Any CPU
		{C752D538-B6F7-4DF1-8314-52C7485F4354}.Debug|Any CPU.Build.0 = Debug|Any CPU
		{C752D538-B6F7-4DF1-8314-52C7485F4354}.Release|Any CPU.ActiveCfg = Release|Any CPU
		{C752D538-B6F7-4DF1-8314-52C7485F4354}.Release|Any CPU.Build.0 = Release|Any CPU
	EndGlobalSection
	GlobalSection(SolutionProperties) = preSolution
		HideSolutionNode = FALSE
	EndGlobalSection
	GlobalSection(ExtensibilityGlobals) = postSolution
		SolutionGuid = {87FC9F5C-05E1-4A32-9F8C-629E99F591B2}
	EndGlobalSection
EndGlobal
